Microsoft Visual Studio Solution File, Format Version 12.00
# Visual Studio Version 17
VisualStudioVersion = 17.5.2.0
MinimumVisualStudioVersion = 10.0.40219.1
Project("{2150E333-8FDC-42A3-9474-1A3956D46DE8}") = "GUI", "GUI", "{9824AA2D-9169-1FBC-8A83-7227C72EA239}"
EndProject
Project("{FAE04EC0-301F-11D3-BF4B-00C04F79EFBC}") = "DocBrakeGUI", "GUI\DocBrakeGUI\DocBrakeGUI.csproj", "{EDC4239C-0E61-8FAC-9312-3F32D28BB875}"
EndProject
 
Global
	GlobalSection(SolutionConfigurationPlatforms) = preSolution
		Debug|Any CPU = Debug|Any CPU
		Release|Any CPU = Release|Any CPU
	EndGlobalSection
	GlobalSection(ProjectConfigurationPlatforms) = postSolution
		{EDC4239C-0E61-8FAC-9312-3F32D28BB875}.Debug|Any CPU.ActiveCfg = Debug|Any CPU
		{EDC4239C-0E61-8FAC-9312-3F32D28BB875}.Debug|Any CPU.Build.0 = Debug|Any CPU
		{EDC4239C-0E61-8FAC-9312-3F32D28BB875}.Release|Any CPU.ActiveCfg = Release|Any CPU
		{EDC4239C-0E61-8FAC-9312-3F32D28BB875}.Release|Any CPU.Build.0 = Release|Any CPU
        
	EndGlobalSection
	GlobalSection(SolutionProperties) = preSolution
		HideSolutionNode = FALSE
	EndGlobalSection
	GlobalSection(NestedProjects) = preSolution
		{EDC4239C-0E61-8FAC-9312-3F32D28BB875} = {9824AA2D-9169-1FBC-8A83-7227C72EA239}
        
	EndGlobalSection
	GlobalSection(ExtensibilityGlobals) = postSolution
		SolutionGuid = {40C7364C-71A1-469B-AD12-42C078C394E5}
	EndGlobalSection
EndGlobal
