akr-lock 0.1
project lege-ecosystem

build {
    tool "akr 0.1.0"
    grammar "0.1"
    vocabulary "0.2"
    source_graph "sha256:62284411ccc19839e9f2f67abaf55a50cd720f81bb356b07ebcbceaa5b8ff959"
}

source ".akr/project.akr" {
    hash "sha256:1c68f28282e87162c61e62b9779adde4c9a07d8017858bcc681c6c12f55dfb8a"
    records 0
}

source ".akr/records/lege-ecosystem-perf/assessments.akr" {
    hash "sha256:bfd5a9433d015f5c57d3dda542df445455fdb01da17810f48722559ae2504c68"
    records 1
}

source ".akr/records/lege-ecosystem-perf/decisions.akr" {
    hash "sha256:cba634876086326cdcb758a4097f19c291e0c30c428c7b9c0815371fefef72e0"
    records 2
}

source ".akr/records/lege-ecosystem-perf/evidence.akr" {
    hash "sha256:f54fc1dd38ab30055892102e3382875e63c75fab5ac9bc3101c3f7039d965dc6"
    records 19
}

source ".akr/records/lege-ecosystem-perf/observations.akr" {
    hash "sha256:d86b4e161518090df58e50f18b6f44a4abb2cf3b63744d6ec97046e2d6097891"
    records 1
}

source ".akr/records/lege-ecosystem-perf/papercuts.akr" {
    hash "sha256:16bbf92ceee2ed33da2113f5951de25471a71c8786d53581cd6b30602c241ac3"
    records 21
}

source ".akr/records/lege-ecosystem-perf/policies.akr" {
    hash "sha256:e9a49bb7c7a262df84c95849a7a2c2bc417cf8cb3c484a644fbde1102cbcb56e"
    records 5
}

source ".akr/records/lege-ecosystem-perf/requirements.akr" {
    hash "sha256:27961cad77fbb00e3586f62cee6e39bc98904a6e58a6d712f4ec8479669408dc"
    records 1
}

source ".akr/records/lege-ecosystem-perf/work.akr" {
    hash "sha256:6d9201c43f11cc62debb2a8bba833a3a4153fe4002d0f6190851cc868f9d6b01"
    records 72
}

source ".akr/records/lege-ecosystem/policies.akr" {
    hash "sha256:c4d3dabafd89f1d3cb3cace4e540e020aba189ea98554ecbd1e3e1fea56ce863"
    records 7
}

source ".akr/records/lege-ecosystem/requirements.akr" {
    hash "sha256:4b0610ccdac83aa3332403dfcd548536e96a2233303abcb476220ccfbea2d2cd"
    records 5
}

source ".akr/records/lege-ecosystem/work.akr" {
    hash "sha256:995ec3a148f4b5aa8c76f10f2d74f92286ad171c7adf9524af8bc4267efe86ac"
    records 67
}

seal @lege-ecosystem-perf.akr.papercut-cleanup-2026-08-09/1 {
    state completed
    hash "sha256:3115aae1ffb172946ec998d57a6a0c1d00fe02ff3b6d5974fcf962303067d407"
}

seal @lege-ecosystem-perf.assessment.fused-pack-simd-neutral/1 {
    state verified
    hash "sha256:7bab288cd54a1744739c590444c5b16375d7fd4101348913d94a37f23f95aa09"
}

seal @lege-ecosystem-perf.evidence.akr-m022-cleanup-2026-08-09/1 {
    state verified
    hash "sha256:f2995554817d2826e243dac5b49da69027dab2ab3eaa7d42543de6638251b675"
}

seal @lege-ecosystem-perf.evidence.jp2-direct-output-benchmark-smoke-2026-08-09/1 {
    state verified
    hash "sha256:c341f746ad0adeae29988e98fbbe0a89b44610668851f5788f521ac48a98fccc"
}

seal @lege-ecosystem-perf.evidence.jp2-direct-output-codec-tests-2026-08-09/1 {
    state verified
    hash "sha256:b972a2be2328151ade81a2b574997460d4921bf8d430ded656b432d541dd2ffd"
}

seal @lege-ecosystem-perf.evidence.jp2-direct-output-renderer-tests-2026-08-09/1 {
    state verified
    hash "sha256:7d6885007bbf3db873b821742a7a4293665f9d01a63d1a82c7756a116cd19f5b"
}

seal @lege-ecosystem-perf.evidence.jp2-direct-output-workspace-check-2026-08-09/1 {
    state verified
    hash "sha256:5158d64c450e25792334da99d2e3574dd83ebbd2ecd18638c1f2a9e465e1389c"
}

seal @lege-ecosystem-perf.evidence.jpeg-direct-arc-decode-profile/1 {
    state superseded
    hash "sha256:d393aa36206d18885c76904a83bee240a7c7a598bde93ef0ac4939d35ba32f94"
}

seal @lege-ecosystem-perf.evidence.jpeg-direct-arc-decode-profile/2 {
    state verified
    hash "sha256:961aa355687771071396b5da277590093cb67fc540736ecd506c6091039416a3"
}

seal @lege-ecosystem-perf.evidence.jpeg-sweep-final-buffer-profile/1 {
    state superseded
    hash "sha256:66039de7b403f7933d09004b805cf7e0bec93ac369cd3696902c3f9a5fa3e660"
}

seal @lege-ecosystem-perf.evidence.jpeg-sweep-final-buffer-profile/2 {
    state verified
    hash "sha256:a8d058c4ff6ce022b1b510905532ef7e92a3bbe7a144c5442f12ef1a86c71945"
}

seal @lege-ecosystem-perf.evidence.mrc-smask-final-buffer-regression-suite/1 {
    state superseded
    hash "sha256:1ab3fec18be73fad69266de7136fe0374b8d7909edef9a61f899280a799f6a29"
}

seal @lege-ecosystem-perf.evidence.mrc-smask-final-buffer-regression-suite/2 {
    state verified
    hash "sha256:d9ca0b32cf54e184af43a5b3a093f333480221600bd34b070d973d4ec6fad32a"
}

seal @lege-ecosystem-perf.evidence.renderer-expect-used-cleanup-2026-08-09/1 {
    state verified
    hash "sha256:5f5e9ed84ad04967563df22648788c9ccd010b6f57444b1147ac9f8b3f564330"
}

seal @lege-ecosystem-perf.evidence.structures-direct-output-profile-2026-08-09/1 {
    state verified
    hash "sha256:87aa43a9d39976ab17a9549394368f5c385e3e5638e8efee4e00de32105ff2c7"
}

seal @lege-ecosystem-perf.evidence.structures-direct-output-warm-profile-2026-08-09/1 {
    state verified
    hash "sha256:5679fbcdb8bc6acf9dd30915f87286c22ecf8330b2cbb2dacc50bfe43c247991"
}

seal @lege-ecosystem-perf.evidence.structures-direct-vs-owned-output-2026-08-09/1 {
    state superseded
    hash "sha256:25908d40b7fc92e96fe7cf7576e946bce2e16b0cf4f443ba82cba869e274e7c3"
}

seal @lege-ecosystem-perf.evidence.structures-direct-vs-owned-output-2026-08-09/2 {
    state verified
    hash "sha256:596e336be528cc68cdb8950132c6645a02f767032fa32f85103032243fb7c451"
}

seal @lege-ecosystem-perf.evidence.structures-smask-followup-profile/1 {
    state superseded
    hash "sha256:83743ae1251f91c29ef92525fa0d03e47cb33ea87d0f2522c03ce4f00b86aa1c"
}

seal @lege-ecosystem-perf.evidence.structures-smask-followup-profile/2 {
    state verified
    hash "sha256:59d037054fcb417a42ebdaf795da060ce06cc4dfc3a2b2b3ce00ef66f847f026"
}

seal @lege-ecosystem-perf.evidence.tier1-lpt-scheduling/1 {
    state verified
    hash "sha256:f47478e635dfd1dc926ed37d0cf564d1c88b942c2577d2cc320eac08743d3a3d"
}

seal @lege-ecosystem-perf.observation.decode-flamegraph-lear-2026-08-06/1 {
    state verified
    hash "sha256:6a6ad1721a6a0d1252c942d43b03636d796d951a9ea42ca68faf38e97f08f939"
}

seal @lege-ecosystem-perf.papercut.a-release-profiler-rebuild-from-the-repository/1 {
    state verified
    hash "sha256:2705ac03459f8235698556d3d0eb793f3f06a2319287cbd926c5804d93574631"
}

seal @lege-ecosystem-perf.papercut.after-committing-validated-akr-record-changes/1 {
    state superseded
    hash "sha256:d1ba001b2368364a2b2552266c0f0dfd8e4c7d832daa0ff9db99cc59d37073af"
}

seal @lege-ecosystem-perf.papercut.after-committing-validated-akr-record-changes/2 {
    state verified
    hash "sha256:640564209232d4027752e3dc00dbf994b332488d5cd2d5378c8b3f021f705301"
}

seal @lege-ecosystem-perf.papercut.after-several-successful-akr-writes-the-mcp/1 {
    state verified
    hash "sha256:ecd79dc2d85d7560ac2b036eec61e0369f105191c8e83c780187cb62dfe3ca10"
}

seal @lege-ecosystem-perf.papercut.at-handoff-knowledge-validate-withheld-its/1 {
    state verified
    hash "sha256:9af19e43c57cf03b9dac40e63371cc22fbaf0dec56efeeaf246e223e14ab0da0"
}

seal @lege-ecosystem-perf.papercut.correcting-an-inaccurate-papercut-via-knowledge/1 {
    state verified
    hash "sha256:3a25b69db44e513b560f8b81b7b49099005e12988a27955fda6afac2019c0666"
}

seal @lege-ecosystem-perf.papercut.creating-the-finalization-work-record-failed/1 {
    state verified
    hash "sha256:7a8308d4c7dc297039bf65958e3ecf4181e38ed6df9e54f89c0d3c44696cdede"
}

seal @lege-ecosystem-perf.papercut.imported-lege-ecosystem-perf-audit-work-records/1 {
    state verified
    hash "sha256:5595956fc334cac04c4e5eecf3eaf1daec2004400ee6e866c49e5a6b103d182f"
}

seal @lege-ecosystem-perf.papercut.knowledge-context-withheld-a-4-1k-token-bundle/1 {
    state verified
    hash "sha256:34fd7b7a272487d4432c5b6510ecf31ea45a8e7fe23595d04b178f533cc6a1fb"
}

seal @lege-ecosystem-perf.papercut.knowledge-papercut-rejected-its-first-call/1 {
    state verified
    hash "sha256:d103f02287b3b810428f7cd173d72fd68d014c211d6ec009f0f996d9a80dfb20"
}

seal @lege-ecosystem-perf.papercut.refreshing-the-handoff-s-structures-pdf-profile/1 {
    state verified
    hash "sha256:8fcd01c7b53867468acccc32fae77341f3fe0a521b12b8a49ca744c052b352f0"
}

seal @lege-ecosystem-perf.papercut.running-cargo-fmt-check-from-lege-pdf-render/1 {
    state verified
    hash "sha256:84a880b32bf8a7d79a24442c8178623d58528c22592142c5a5301862da7bbe29"
}

seal @lege-ecosystem-perf.papercut.the-exact-structures-pdf-profiling-command/1 {
    state verified
    hash "sha256:7127ec66203c3f63cc5effbd2df8599cb310246fccece7b5954a6d49a8afc412"
}

seal @lege-ecosystem-perf.papercut.the-targeted-renderer-image-clippy-check-is/1 {
    state superseded
    hash "sha256:d8a1ad6b2b2172468f6801ed5b1143e0cd9cf7a70332b9aae62c01c82e6c051d"
}

seal @lege-ecosystem-perf.papercut.the-targeted-renderer-image-clippy-check-is/2 {
    state verified
    hash "sha256:1b44d83c77edc92d9e218b4e075bee10be58e54f887abe54d16c893eca22f4f5"
}

seal @lege-ecosystem-perf.papercut.while-correcting-a-sealed-evidence-record/1 {
    state verified
    hash "sha256:60fc6df55f60245a624c8908c678fea5230333d208d98a8e023ce59c420de46d"
}

seal @lege-ecosystem-perf.papercut.while-recording-the-renderer-decision-knowledge/1 {
    state verified
    hash "sha256:326ddccd02d9fdb08846b68cbd34d7c80c4bd9b6f760ee72e2a2e0a55beb17a5"
}

seal @lege-ecosystem-perf.papercut.while-reproducing-the-structures-pdf-mrc/1 {
    state superseded
    hash "sha256:3a84319e5cdffb24759f96bd6e0be9220f91473ae8d222e91ce4e52e6f314506"
}

seal @lege-ecosystem-perf.papercut.while-reproducing-the-structures-pdf-mrc/2 {
    state superseded
    hash "sha256:85198542fa4a6fcf2a580722d3a46e16f622edbc0c26037a24ac644abcb0ac96"
}

seal @lege-ecosystem-perf.papercut.while-reproducing-the-structures-pdf-mrc/3 {
    state verified
    hash "sha256:40fc67d47b85b4caa1c0546db8c5879236323e598afa87d3106dbc7523eda62b"
}

seal @lege-ecosystem-perf.papercut.while-validating-the-jpx-output-ownership/1 {
    state verified
    hash "sha256:96a658d6db9dbccfc36be321f8b62fdc58833144262df37b3c9dd2ee1f942776"
}

seal @lege-ecosystem-perf.renderer.finalize-mrc-smask-and-jp2-handoff/1 {
    state completed
    hash "sha256:b54a2bc3e8197279b148937f42bd843fd0d20ebd1ef167ae06c550b036258c2f"
}

seal @lege-ecosystem-perf.renderer.mrc-smask-followup-optimization/1 {
    state completed
    hash "sha256:17266beee1e7514ec67649d1961308abac1000d4c4ceed1b6eeaa0a768833503"
}
